// !$*UTF8*$!
{
	archiveVersion = 1;
	classes = {
	};
	objectVersion = 50;
	objects = {

/* Begin PBXBuildFile section */
		2F8E9321D8BDEEF0BDCBBA3A /* Pods_Resources.framework in Frameworks */ = {isa = PBXBuildFile; fileRef = E37D5976D172A7D9CB928DFD /* Pods_Resources.framework */; };
		E94594C9104D5C6FA6A67B9E /* Pods_CalciLibrary.framework in Frameworks */ = {isa = PBXBuildFile; fileRef = 717E515221494E33957F8754 /* Pods_CalciLibrary.framework */; };
		FE4DA51924EB0CB000FC6810 /* FirebaseManager.swift in Sources */ = {isa = PBXBuildFile; fileRef = FE4DA50A24EB0CB000FC6810 /* FirebaseManager.swift */; };
		FE4DA51A24EB0CB000FC6810 /* ReverseGeocodeService.swift in Sources */ = {isa = PBXBuildFile; fileRef = FE4DA50B24EB0CB000FC6810 /* ReverseGeocodeService.swift */; };
		FE4DA51B24EB0CB000FC6810 /* BitCoinManager.swift in Sources */ = {isa = PBXBuildFile; fileRef = FE4DA50C24EB0CB000FC6810 /* BitCoinManager.swift */; };
		FE4DA51C24EB0CB000FC6810 /* Analysable.swift in Sources */ = {isa = PBXBuildFile; fileRef = FE4DA50D24EB0CB000FC6810 /* Analysable.swift */; };
		FE4DA51D24EB0CB000FC6810 /* EventType.swift in Sources */ = {isa = PBXBuildFile; fileRef = FE4DA50E24EB0CB000FC6810 /* EventType.swift */; };
		FE4DA51E24EB0CB000FC6810 /* Calculator.swift in Sources */ = {isa = PBXBuildFile; fileRef = FE4DA50F24EB0CB000FC6810 /* Calculator.swift */; };
		FE4DA51F24EB0CB000FC6810 /* FirebaseAnalytics.swift in Sources */ = {isa = PBXBuildFile; fileRef = FE4DA51024EB0CB000FC6810 /* FirebaseAnalytics.swift */; };
		FE4DA52024EB0CB000FC6810 /* RemoteConfigService.swift in Sources */ = {isa = PBXBuildFile; fileRef = FE4DA51124EB0CB000FC6810 /* RemoteConfigService.swift */; };
		FE4DA52124EB0CB000FC6810 /* URLSessionProtocol.swift in Sources */ = {isa = PBXBuildFile; fileRef = FE4DA51224EB0CB000FC6810 /* URLSessionProtocol.swift */; };
		FE4DA52224EB0CB000FC6810 /* HttpClient.swift in Sources */ = {isa = PBXBuildFile; fileRef = FE4DA51324EB0CB000FC6810 /* HttpClient.swift */; };
		FE4DA52324EB0CB000FC6810 /* ReverseGeocodeManager.swift in Sources */ = {isa = PBXBuildFile; fileRef = FE4DA51424EB0CB000FC6810 /* ReverseGeocodeManager.swift */; };
		FE4DA52424EB0CB000FC6810 /* BitCoin.swift in Sources */ = {isa = PBXBuildFile; fileRef = FE4DA51524EB0CB000FC6810 /* BitCoin.swift */; };
		FE4DA52524EB0CB000FC6810 /* BitCoinService.swift in Sources */ = {isa = PBXBuildFile; fileRef = FE4DA51624EB0CB000FC6810 /* BitCoinService.swift */; };
		FE4DA52624EB0CB000FC6810 /* CalciLibrary.swift in Sources */ = {isa = PBXBuildFile; fileRef = FE4DA51724EB0CB000FC6810 /* CalciLibrary.swift */; };
		FE4DA52724EB0CB000FC6810 /* Event.swift in Sources */ = {isa = PBXBuildFile; fileRef = FE4DA51824EB0CB000FC6810 /* Event.swift */; };
/* End PBXBuildFile section */

/* Begin PBXContainerItemProxy section */
		FE4DA50724EB0C6200FC6810 /* PBXContainerItemProxy */ = {
			isa = PBXContainerItemProxy;
			containerPortal = FE4DA4EB24EB0BF900FC6810 /* Project object */;
			proxyType = 1;
			remoteGlobalIDString = FE4DA50024EB0C1B00FC6810;
			remoteInfo = Resources;
		};
/* End PBXContainerItemProxy section */

/* Begin PBXCopyFilesBuildPhase section */
		FE4DA4F124EB0BF900FC6810 /* CopyFiles */ = {
			isa = PBXCopyFilesBuildPhase;
			buildActionMask = 2147483647;
			dstPath = "include/$(PRODUCT_NAME)";
			dstSubfolderSpec = 16;
			files = (
			);
			runOnlyForDeploymentPostprocessing = 0;
		};
/* End PBXCopyFilesBuildPhase section */

/* Begin PBXFileReference section */
		32D2590276F8441A94CA4A16 /* Pods-Resources.debug.xcconfig */ = {isa = PBXFileReference; includeInIndex = 1; lastKnownFileType = text.xcconfig; name = "Pods-Resources.debug.xcconfig"; path = "Target Support Files/Pods-Resources/Pods-Resources.debug.xcconfig"; sourceTree = "<group>"; };
		5696013DF09D8619060ACD42 /* Pods-Resources.release.xcconfig */ = {isa = PBXFileReference; includeInIndex = 1; lastKnownFileType = text.xcconfig; name = "Pods-Resources.release.xcconfig"; path = "Target Support Files/Pods-Resources/Pods-Resources.release.xcconfig"; sourceTree = "<group>"; };
		717E515221494E33957F8754 /* Pods_CalciLibrary.framework */ = {isa = PBXFileReference; explicitFileType = wrapper.framework; includeInIndex = 0; path = Pods_CalciLibrary.framework; sourceTree = BUILT_PRODUCTS_DIR; };
		7C5B01D70518EC1B731DE90F /* Pods-CalciLibrary.release.xcconfig */ = {isa = PBXFileReference; includeInIndex = 1; lastKnownFileType = text.xcconfig; name = "Pods-CalciLibrary.release.xcconfig"; path = "Target Support Files/Pods-CalciLibrary/Pods-CalciLibrary.release.xcconfig"; sourceTree = "<group>"; };
		E37D5976D172A7D9CB928DFD /* Pods_Resources.framework */ = {isa = PBXFileReference; explicitFileType = wrapper.framework; includeInIndex = 0; path = Pods_Resources.framework; sourceTree = BUILT_PRODUCTS_DIR; };
		EF5F2F9CAAC5FF0A1D9E12E8 /* Pods-CalciLibrary.debug.xcconfig */ = {isa = PBXFileReference; includeInIndex = 1; lastKnownFileType = text.xcconfig; name = "Pods-CalciLibrary.debug.xcconfig"; path = "Target Support Files/Pods-CalciLibrary/Pods-CalciLibrary.debug.xcconfig"; sourceTree = "<group>"; };
		FE4DA4F324EB0BF900FC6810 /* libCalciLibrary.a */ = {isa = PBXFileReference; explicitFileType = archive.ar; includeInIndex = 0; path = libCalciLibrary.a; sourceTree = BUILT_PRODUCTS_DIR; };
		FE4DA50124EB0C1B00FC6810 /* Resources.bundle */ = {isa = PBXFileReference; explicitFileType = wrapper.cfbundle; includeInIndex = 0; path = Resources.bundle; sourceTree = BUILT_PRODUCTS_DIR; };
		FE4DA50324EB0C1B00FC6810 /* Info.plist */ = {isa = PBXFileReference; lastKnownFileType = text.plist.xml; path = Info.plist; sourceTree = "<group>"; };
		FE4DA50924EB0CB000FC6810 /* GoogleService-Info.plist */ = {isa = PBXFileReference; fileEncoding = 4; lastKnownFileType = text.plist.xml; path = "GoogleService-Info.plist"; sourceTree = "<group>"; };
		FE4DA50A24EB0CB000FC6810 /* FirebaseManager.swift */ = {isa = PBXFileReference; fileEncoding = 4; lastKnownFileType = sourcecode.swift; path = FirebaseManager.swift; sourceTree = "<group>"; };
		FE4DA50B24EB0CB000FC6810 /* ReverseGeocodeService.swift */ = {isa = PBXFileReference; fileEncoding = 4; lastKnownFileType = sourcecode.swift; path = ReverseGeocodeService.swift; sourceTree = "<group>"; };
		FE4DA50C24EB0CB000FC6810 /* BitCoinManager.swift */ = {isa = PBXFileReference; fileEncoding = 4; lastKnownFileType = sourcecode.swift; path = BitCoinManager.swift; sourceTree = "<group>"; };
		FE4DA50D24EB0CB000FC6810 /* Analysable.swift */ = {isa = PBXFileReference; fileEncoding = 4; lastKnownFileType = sourcecode.swift; path = Analysable.swift; sourceTree = "<group>"; };
		FE4DA50E24EB0CB000FC6810 /* EventType.swift */ = {isa = PBXFileReference; fileEncoding = 4; lastKnownFileType = sourcecode.swift; path = EventType.swift; sourceTree = "<group>"; };
		FE4DA50F24EB0CB000FC6810 /* Calculator.swift */ = {isa = PBXFileReference; fileEncoding = 4; lastKnownFileType = sourcecode.swift; path = Calculator.swift; sourceTree = "<group>"; };
		FE4DA51024EB0CB000FC6810 /* FirebaseAnalytics.swift */ = {isa = PBXFileReference; fileEncoding = 4; lastKnownFileType = sourcecode.swift; path = FirebaseAnalytics.swift; sourceTree = "<group>"; };
		FE4DA51124EB0CB000FC6810 /* RemoteConfigService.swift */ = {isa = PBXFileReference; fileEncoding = 4; lastKnownFileType = sourcecode.swift; path = RemoteConfigService.swift; sourceTree = "<group>"; };
		FE4DA51224EB0CB000FC6810 /* URLSessionProtocol.swift */ = {isa = PBXFileReference; fileEncoding = 4; lastKnownFileType = sourcecode.swift; path = URLSessionProtocol.swift; sourceTree = "<group>"; };
		FE4DA51324EB0CB000FC6810 /* HttpClient.swift */ = {isa = PBXFileReference; fileEncoding = 4; lastKnownFileType = sourcecode.swift; path = HttpClient.swift; sourceTree = "<group>"; };
		FE4DA51424EB0CB000FC6810 /* ReverseGeocodeManager.swift */ = {isa = PBXFileReference; fileEncoding = 4; lastKnownFileType = sourcecode.swift; path = ReverseGeocodeManager.swift; sourceTree = "<group>"; };
		FE4DA51524EB0CB000FC6810 /* BitCoin.swift */ = {isa = PBXFileReference; fileEncoding = 4; lastKnownFileType = sourcecode.swift; path = BitCoin.swift; sourceTree = "<group>"; };
		FE4DA51624EB0CB000FC6810 /* BitCoinService.swift */ = {isa = PBXFileReference; fileEncoding = 4; lastKnownFileType = sourcecode.swift; path = BitCoinService.swift; sourceTree = "<group>"; };
		FE4DA51724EB0CB000FC6810 /* CalciLibrary.swift */ = {isa = PBXFileReference; fileEncoding = 4; lastKnownFileType = sourcecode.swift; path = CalciLibrary.swift; sourceTree = "<group>"; };
		FE4DA51824EB0CB000FC6810 /* Event.swift */ = {isa = PBXFileReference; fileEncoding = 4; lastKnownFileType = sourcecode.swift; path = Event.swift; sourceTree = "<group>"; };
/* End PBXFileReference section */

/* Begin PBXFrameworksBuildPhase section */
		FE4DA4F024EB0BF900FC6810 /* Frameworks */ = {
			isa = PBXFrameworksBuildPhase;
			buildActionMask = 2147483647;
			files = (
				E94594C9104D5C6FA6A67B9E /* Pods_CalciLibrary.framework in Frameworks */,
			);
			runOnlyForDeploymentPostprocessing = 0;
		};
		FE4DA4FE24EB0C1B00FC6810 /* Frameworks */ = {
			isa = PBXFrameworksBuildPhase;
			buildActionMask = 2147483647;
			files = (
				2F8E9321D8BDEEF0BDCBBA3A /* Pods_Resources.framework in Frameworks */,
			);
			runOnlyForDeploymentPostprocessing = 0;
		};
/* End PBXFrameworksBuildPhase section */

/* Begin PBXGroup section */
		7FA1441890D34AB3B3A0E16A /* Frameworks */ = {
			isa = PBXGroup;
			children = (
				717E515221494E33957F8754 /* Pods_CalciLibrary.framework */,
				E37D5976D172A7D9CB928DFD /* Pods_Resources.framework */,
			);
			name = Frameworks;
			sourceTree = "<group>";
		};
		A2595FD494E24E6EB8202D65 /* Pods */ = {
			isa = PBXGroup;
			children = (
				EF5F2F9CAAC5FF0A1D9E12E8 /* Pods-CalciLibrary.debug.xcconfig */,
				7C5B01D70518EC1B731DE90F /* Pods-CalciLibrary.release.xcconfig */,
				32D2590276F8441A94CA4A16 /* Pods-Resources.debug.xcconfig */,
				5696013DF09D8619060ACD42 /* Pods-Resources.release.xcconfig */,
			);
			name = Pods;
			path = Pods;
			sourceTree = "<group>";
		};
		FE4DA4EA24EB0BF900FC6810 = {
			isa = PBXGroup;
			children = (
				FE4DA4F524EB0BF900FC6810 /* CalciLibrary */,
				FE4DA50224EB0C1B00FC6810 /* Resources */,
				FE4DA4F424EB0BF900FC6810 /* Products */,
				A2595FD494E24E6EB8202D65 /* Pods */,
				7FA1441890D34AB3B3A0E16A /* Frameworks */,
			);
			sourceTree = "<group>";
		};
		FE4DA4F424EB0BF900FC6810 /* Products */ = {
			isa = PBXGroup;
			children = (
				FE4DA4F324EB0BF900FC6810 /* libCalciLibrary.a */,
				FE4DA50124EB0C1B00FC6810 /* Resources.bundle */,
			);
			name = Products;
			sourceTree = "<group>";
		};
		FE4DA4F524EB0BF900FC6810 /* CalciLibrary */ = {
			isa = PBXGroup;
			children = (
				FE4DA50D24EB0CB000FC6810 /* Analysable.swift */,
				FE4DA51524EB0CB000FC6810 /* BitCoin.swift */,
				FE4DA50C24EB0CB000FC6810 /* BitCoinManager.swift */,
				FE4DA51624EB0CB000FC6810 /* BitCoinService.swift */,
				FE4DA51724EB0CB000FC6810 /* CalciLibrary.swift */,
				FE4DA50F24EB0CB000FC6810 /* Calculator.swift */,
				FE4DA51824EB0CB000FC6810 /* Event.swift */,
				FE4DA50E24EB0CB000FC6810 /* EventType.swift */,
				FE4DA51024EB0CB000FC6810 /* FirebaseAnalytics.swift */,
				FE4DA50A24EB0CB000FC6810 /* FirebaseManager.swift */,
				FE4DA51324EB0CB000FC6810 /* HttpClient.swift */,
				FE4DA51124EB0CB000FC6810 /* RemoteConfigService.swift */,
				FE4DA51424EB0CB000FC6810 /* ReverseGeocodeManager.swift */,
				FE4DA50B24EB0CB000FC6810 /* ReverseGeocodeService.swift */,
				FE4DA51224EB0CB000FC6810 /* URLSessionProtocol.swift */,
			);
			path = CalciLibrary;
			sourceTree = "<group>";
		};
		FE4DA50224EB0C1B00FC6810 /* Resources */ = {
			isa = PBXGroup;
			children = (
				FE4DA50324EB0C1B00FC6810 /* Info.plist */,
				FE4DA50924EB0CB000FC6810 /* GoogleService-Info.plist */,
			);
			path = Resources;
			sourceTree = "<group>";
		};
/* End PBXGroup section */

/* Begin PBXNativeTarget section */
		FE4DA4F224EB0BF900FC6810 /* CalciLibrary */ = {
			isa = PBXNativeTarget;
			buildConfigurationList = FE4DA4FA24EB0BF900FC6810 /* Build configuration list for PBXNativeTarget "CalciLibrary" */;
			buildPhases = (
				DD5F616046F4CA21A2B03E08 /* [CP] Check Pods Manifest.lock */,
				FE4DA4EF24EB0BF900FC6810 /* Sources */,
				FE4DA4F024EB0BF900FC6810 /* Frameworks */,
				FE4DA4F124EB0BF900FC6810 /* CopyFiles */,
			);
			buildRules = (
			);
			dependencies = (
				FE4DA50824EB0C6200FC6810 /* PBXTargetDependency */,
			);
			name = CalciLibrary;
			productName = CalciLibrary;
			productReference = FE4DA4F324EB0BF900FC6810 /* libCalciLibrary.a */;
			productType = "com.apple.product-type.library.static";
		};
		FE4DA50024EB0C1B00FC6810 /* Resources */ = {
			isa = PBXNativeTarget;
			buildConfigurationList = FE4DA50424EB0C1B00FC6810 /* Build configuration list for PBXNativeTarget "Resources" */;
			buildPhases = (
				51F4DE979FA8546412C41257 /* [CP] Check Pods Manifest.lock */,
				FE4DA4FD24EB0C1B00FC6810 /* Sources */,
				FE4DA4FE24EB0C1B00FC6810 /* Frameworks */,
				FE4DA4FF24EB0C1B00FC6810 /* Resources */,
			);
			buildRules = (
			);
			dependencies = (
			);
			name = Resources;
			productName = Resources;
			productReference = FE4DA50124EB0C1B00FC6810 /* Resources.bundle */;
			productType = "com.apple.product-type.bundle";
		};
/* End PBXNativeTarget section */

/* Begin PBXProject section */
		FE4DA4EB24EB0BF900FC6810 /* Project object */ = {
			isa = PBXProject;
			attributes = {
				LastSwiftUpdateCheck = 1160;
				LastUpgradeCheck = 1160;
				ORGANIZATIONNAME = Akilan;
				TargetAttributes = {
					FE4DA4F224EB0BF900FC6810 = {
						CreatedOnToolsVersion = 11.6;
						LastSwiftMigration = 1160;
					};
					FE4DA50024EB0C1B00FC6810 = {
						CreatedOnToolsVersion = 11.6;
					};
				};
			};
			buildConfigurationList = FE4DA4EE24EB0BF900FC6810 /* Build configuration list for PBXProject "CalciLibrary" */;
			compatibilityVersion = "Xcode 9.3";
			developmentRegion = en;
			hasScannedForEncodings = 0;
			knownRegions = (
				en,
				Base,
			);
			mainGroup = FE4DA4EA24EB0BF900FC6810;
			productRefGroup = FE4DA4F424EB0BF900FC6810 /* Products */;
			projectDirPath = "";
			projectRoot = "";
			targets = (
				FE4DA4F224EB0BF900FC6810 /* CalciLibrary */,
				FE4DA50024EB0C1B00FC6810 /* Resources */,
			);
		};
/* End PBXProject section */

/* Begin PBXResourcesBuildPhase section */
		FE4DA4FF24EB0C1B00FC6810 /* Resources */ = {
			isa = PBXResourcesBuildPhase;
			buildActionMask = 2147483647;
			files = (
			);
			runOnlyForDeploymentPostprocessing = 0;
		};
/* End PBXResourcesBuildPhase section */

/* Begin PBXShellScriptBuildPhase section */
		51F4DE979FA8546412C41257 /* [CP] Check Pods Manifest.lock */ = {
			isa = PBXShellScriptBuildPhase;
			buildActionMask = 2147483647;
			files = (
			);
			inputFileListPaths = (
			);
			inputPaths = (
				"${PODS_PODFILE_DIR_PATH}/Podfile.lock",
				"${PODS_ROOT}/Manifest.lock",
			);
			name = "[CP] Check Pods Manifest.lock";
			outputFileListPaths = (
			);
			outputPaths = (
				"$(DERIVED_FILE_DIR)/Pods-Resources-checkManifestLockResult.txt",
			);
			runOnlyForDeploymentPostprocessing = 0;
			shellPath = /bin/sh;
			shellScript = "diff \"${PODS_PODFILE_DIR_PATH}/Podfile.lock\" \"${PODS_ROOT}/Manifest.lock\" > /dev/null\nif [ $? != 0 ] ; then\n    # print error to STDERR\n    echo \"error: The sandbox is not in sync with the Podfile.lock. Run 'pod install' or update your CocoaPods installation.\" >&2\n    exit 1\nfi\n# This output is used by Xcode 'outputs' to avoid re-running this script phase.\necho \"SUCCESS\" > \"${SCRIPT_OUTPUT_FILE_0}\"\n";
			showEnvVarsInLog = 0;
		};
		DD5F616046F4CA21A2B03E08 /* [CP] Check Pods Manifest.lock */ = {
			isa = PBXShellScriptBuildPhase;
			buildActionMask = 2147483647;
			files = (
			);
			inputFileListPaths = (
			);
			inputPaths = (
				"${PODS_PODFILE_DIR_PATH}/Podfile.lock",
				"${PODS_ROOT}/Manifest.lock",
			);
			name = "[CP] Check Pods Manifest.lock";
			outputFileListPaths = (
			);
			outputPaths = (
				"$(DERIVED_FILE_DIR)/Pods-CalciLibrary-checkManifestLockResult.txt",
			);
			runOnlyForDeploymentPostprocessing = 0;
			shellPath = /bin/sh;
			shellScript = "diff \"${PODS_PODFILE_DIR_PATH}/Podfile.lock\" \"${PODS_ROOT}/Manifest.lock\" > /dev/null\nif [ $? != 0 ] ; then\n    # print error to STDERR\n    echo \"error: The sandbox is not in sync with the Podfile.lock. Run 'pod install' or update your CocoaPods installation.\" >&2\n    exit 1\nfi\n# This output is used by Xcode 'outputs' to avoid re-running this script phase.\necho \"SUCCESS\" > \"${SCRIPT_OUTPUT_FILE_0}\"\n";
			showEnvVarsInLog = 0;
		};
/* End PBXShellScriptBuildPhase section */

/* Begin PBXSourcesBuildPhase section */
		FE4DA4EF24EB0BF900FC6810 /* Sources */ = {
			isa = PBXSourcesBuildPhase;
			buildActionMask = 2147483647;
			files = (
				FE4DA52424EB0CB000FC6810 /* BitCoin.swift in Sources */,
				FE4DA52224EB0CB000FC6810 /* HttpClient.swift in Sources */,
				FE4DA52624EB0CB000FC6810 /* CalciLibrary.swift in Sources */,
				FE4DA52124EB0CB000FC6810 /* URLSessionProtocol.swift in Sources */,
				FE4DA52724EB0CB000FC6810 /* Event.swift in Sources */,
				FE4DA51F24EB0CB000FC6810 /* FirebaseAnalytics.swift in Sources */,
				FE4DA51924EB0CB000FC6810 /* FirebaseManager.swift in Sources */,
				FE4DA51D24EB0CB000FC6810 /* EventType.swift in Sources */,
				FE4DA52324EB0CB000FC6810 /* ReverseGeocodeManager.swift in Sources */,
				FE4DA51A24EB0CB000FC6810 /* ReverseGeocodeService.swift in Sources */,
				FE4DA51B24EB0CB000FC6810 /* BitCoinManager.swift in Sources */,
				FE4DA52524EB0CB000FC6810 /* BitCoinService.swift in Sources */,
				FE4DA51C24EB0CB000FC6810 /* Analysable.swift in Sources */,
				FE4DA51E24EB0CB000FC6810 /* Calculator.swift in Sources */,
				FE4DA52024EB0CB000FC6810 /* RemoteConfigService.swift in Sources */,
			);
			runOnlyForDeploymentPostprocessing = 0;
		};
		FE4DA4FD24EB0C1B00FC6810 /* Sources */ = {
			isa = PBXSourcesBuildPhase;
			buildActionMask = 2147483647;
			files = (
			);
			runOnlyForDeploymentPostprocessing = 0;
		};
/* End PBXSourcesBuildPhase section */

/* Begin PBXTargetDependency section */
		FE4DA50824EB0C6200FC6810 /* PBXTargetDependency */ = {
			isa = PBXTargetDependency;
			target = FE4DA50024EB0C1B00FC6810 /* Resources */;
			targetProxy = FE4DA50724EB0C6200FC6810 /* PBXContainerItemProxy */;
		};
/* End PBXTargetDependency section */

/* Begin XCBuildConfiguration section */
		FE4DA4F824EB0BF900FC6810 /* Debug */ = {
			isa = XCBuildConfiguration;
			buildSettings = {
				ALWAYS_SEARCH_USER_PATHS = NO;
				CLANG_ANALYZER_NONNULL = YES;
				CLANG_ANALYZER_NUMBER_OBJECT_CONVERSION = YES_AGGRESSIVE;
				CLANG_CXX_LANGUAGE_STANDARD = "gnu++14";
				CLANG_CXX_LIBRARY = "libc++";
				CLANG_ENABLE_MODULES = YES;
				CLANG_ENABLE_OBJC_ARC = YES;
				CLANG_ENABLE_OBJC_WEAK = YES;
				CLANG_WARN_BLOCK_CAPTURE_AUTORELEASING = YES;
				CLANG_WARN_BOOL_CONVERSION = YES;
				CLANG_WARN_COMMA = YES;
				CLANG_WARN_CONSTANT_CONVERSION = YES;
				CLANG_WARN_DEPRECATED_OBJC_IMPLEMENTATIONS = YES;
				CLANG_WARN_DIRECT_OBJC_ISA_USAGE = YES_ERROR;
				CLANG_WARN_DOCUMENTATION_COMMENTS = YES;
				CLANG_WARN_EMPTY_BODY = YES;
				CLANG_WARN_ENUM_CONVERSION = YES;
				CLANG_WARN_INFINITE_RECURSION = YES;
				CLANG_WARN_INT_CONVERSION = YES;
				CLANG_WARN_NON_LITERAL_NULL_CONVERSION = YES;
				CLANG_WARN_OBJC_IMPLICIT_RETAIN_SELF = YES;
				CLANG_WARN_OBJC_LITERAL_CONVERSION = YES;
				CLANG_WARN_OBJC_ROOT_CLASS = YES_ERROR;
				CLANG_WARN_RANGE_LOOP_ANALYSIS = YES;
				CLANG_WARN_STRICT_PROTOTYPES = YES;
				CLANG_WARN_SUSPICIOUS_MOVE = YES;
				CLANG_WARN_UNGUARDED_AVAILABILITY = YES_AGGRESSIVE;
				CLANG_WARN_UNREACHABLE_CODE = YES;
				CLANG_WARN__DUPLICATE_METHOD_MATCH = YES;
				COPY_PHASE_STRIP = NO;
				DEBUG_INFORMATION_FORMAT = dwarf;
				ENABLE_STRICT_OBJC_MSGSEND = YES;
				ENABLE_TESTABILITY = YES;
				GCC_C_LANGUAGE_STANDARD = gnu11;
				GCC_DYNAMIC_NO_PIC = NO;
				GCC_NO_COMMON_BLOCKS = YES;
				GCC_OPTIMIZATION_LEVEL = 0;
				GCC_PREPROCESSOR_DEFINITIONS = (
					"DEBUG=1",
					"$(inherited)",
				);
				GCC_WARN_64_TO_32_BIT_CONVERSION = YES;
				GCC_WARN_ABOUT_RETURN_TYPE = YES_ERROR;
				GCC_WARN_UNDECLARED_SELECTOR = YES;
				GCC_WARN_UNINITIALIZED_AUTOS = YES_AGGRESSIVE;
				GCC_WARN_UNUSED_FUNCTION = YES;
				GCC_WARN_UNUSED_VARIABLE = YES;
				IPHONEOS_DEPLOYMENT_TARGET = 13.6;
				MTL_ENABLE_DEBUG_INFO = INCLUDE_SOURCE;
				MTL_FAST_MATH = YES;
				ONLY_ACTIVE_ARCH = YES;
				SDKROOT = iphoneos;
				SWIFT_ACTIVE_COMPILATION_CONDITIONS = DEBUG;
				SWIFT_OPTIMIZATION_LEVEL = "-Onone";
			};
			name = Debug;
		};
		FE4DA4F924EB0BF900FC6810 /* Release */ = {
			isa = XCBuildConfiguration;
			buildSettings = {
				ALWAYS_SEARCH_USER_PATHS = NO;
				CLANG_ANALYZER_NONNULL = YES;
				CLANG_ANALYZER_NUMBER_OBJECT_CONVERSION = YES_AGGRESSIVE;
				CLANG_CXX_LANGUAGE_STANDARD = "gnu++14";
				CLANG_CXX_LIBRARY = "libc++";
				CLANG_ENABLE_MODULES = YES;
				CLANG_ENABLE_OBJC_ARC = YES;
				CLANG_ENABLE_OBJC_WEAK = YES;
				CLANG_WARN_BLOCK_CAPTURE_AUTORELEASING = YES;
				CLANG_WARN_BOOL_CONVERSION = YES;
				CLANG_WARN_COMMA = YES;
				CLANG_WARN_CONSTANT_CONVERSION = YES;
				CLANG_WARN_DEPRECATED_OBJC_IMPLEMENTATIONS = YES;
				CLANG_WARN_DIRECT_OBJC_ISA_USAGE = YES_ERROR;
				CLANG_WARN_DOCUMENTATION_COMMENTS = YES;
				CLANG_WARN_EMPTY_BODY = YES;
				CLANG_WARN_ENUM_CONVERSION = YES;
				CLANG_WARN_INFINITE_RECURSION = YES;
				CLANG_WARN_INT_CONVERSION = YES;
				CLANG_WARN_NON_LITERAL_NULL_CONVERSION = YES;
				CLANG_WARN_OBJC_IMPLICIT_RETAIN_SELF = YES;
				CLANG_WARN_OBJC_LITERAL_CONVERSION = YES;
				CLANG_WARN_OBJC_ROOT_CLASS = YES_ERROR;
				CLANG_WARN_RANGE_LOOP_ANALYSIS = YES;
				CLANG_WARN_STRICT_PROTOTYPES = YES;
				CLANG_WARN_SUSPICIOUS_MOVE = YES;
				CLANG_WARN_UNGUARDED_AVAILABILITY = YES_AGGRESSIVE;
				CLANG_WARN_UNREACHABLE_CODE = YES;
				CLANG_WARN__DUPLICATE_METHOD_MATCH = YES;
				COPY_PHASE_STRIP = NO;
				DEBUG_INFORMATION_FORMAT = "dwarf-with-dsym";
				ENABLE_NS_ASSERTIONS = NO;
				ENABLE_STRICT_OBJC_MSGSEND = YES;
				GCC_C_LANGUAGE_STANDARD = gnu11;
				GCC_NO_COMMON_BLOCKS = YES;
				GCC_WARN_64_TO_32_BIT_CONVERSION = YES;
				GCC_WARN_ABOUT_RETURN_TYPE = YES_ERROR;
				GCC_WARN_UNDECLARED_SELECTOR = YES;
				GCC_WARN_UNINITIALIZED_AUTOS = YES_AGGRESSIVE;
				GCC_WARN_UNUSED_FUNCTION = YES;
				GCC_WARN_UNUSED_VARIABLE = YES;
				IPHONEOS_DEPLOYMENT_TARGET = 13.6;
				MTL_ENABLE_DEBUG_INFO = NO;
				MTL_FAST_MATH = YES;
				SDKROOT = iphoneos;
				SWIFT_COMPILATION_MODE = wholemodule;
				SWIFT_OPTIMIZATION_LEVEL = "-O";
				VALIDATE_PRODUCT = YES;
			};
			name = Release;
		};
		FE4DA4FB24EB0BF900FC6810 /* Debug */ = {
			isa = XCBuildConfiguration;
			baseConfigurationReference = EF5F2F9CAAC5FF0A1D9E12E8 /* Pods-CalciLibrary.debug.xcconfig */;
			buildSettings = {
				CLANG_ENABLE_MODULES = YES;
				CODE_SIGN_STYLE = Automatic;
				LD_RUNPATH_SEARCH_PATHS = (
					"$(inherited)",
					"@executable_path/Frameworks",
					"@loader_path/Frameworks",
				);
				OTHER_LDFLAGS = "-ObjC";
				PRODUCT_NAME = "$(TARGET_NAME)";
				SKIP_INSTALL = YES;
				SWIFT_OPTIMIZATION_LEVEL = "-Onone";
				SWIFT_VERSION = 5.0;
				TARGETED_DEVICE_FAMILY = "1,2";
			};
			name = Debug;
		};
		FE4DA4FC24EB0BF900FC6810 /* Release */ = {
			isa = XCBuildConfiguration;
			baseConfigurationReference = 7C5B01D70518EC1B731DE90F /* Pods-CalciLibrary.release.xcconfig */;
			buildSettings = {
				CLANG_ENABLE_MODULES = YES;
				CODE_SIGN_STYLE = Automatic;
				LD_RUNPATH_SEARCH_PATHS = (
					"$(inherited)",
					"@executable_path/Frameworks",
					"@loader_path/Frameworks",
				);
				OTHER_LDFLAGS = "-ObjC";
				PRODUCT_NAME = "$(TARGET_NAME)";
				SKIP_INSTALL = YES;
				SWIFT_VERSION = 5.0;
				TARGETED_DEVICE_FAMILY = "1,2";
			};
			name = Release;
		};
		FE4DA50524EB0C1B00FC6810 /* Debug */ = {
			isa = XCBuildConfiguration;
			baseConfigurationReference = 32D2590276F8441A94CA4A16 /* Pods-Resources.debug.xcconfig */;
			buildSettings = {
				CODE_SIGN_STYLE = Automatic;
				COMBINE_HIDPI_IMAGES = YES;
				INFOPLIST_FILE = Resources/Info.plist;
				INSTALL_PATH = "$(LOCAL_LIBRARY_DIR)/Bundles";
				MACOSX_DEPLOYMENT_TARGET = 10.15;
				PRODUCT_BUNDLE_IDENTIFIER = leoVegas.Resources;
				PRODUCT_NAME = "$(TARGET_NAME)";
				SDKROOT = iphoneos;
				SKIP_INSTALL = YES;
				WRAPPER_EXTENSION = bundle;
			};
			name = Debug;
		};
		FE4DA50624EB0C1B00FC6810 /* Release */ = {
			isa = XCBuildConfiguration;
			baseConfigurationReference = 5696013DF09D8619060ACD42 /* Pods-Resources.release.xcconfig */;
			buildSettings = {
				CODE_SIGN_STYLE = Automatic;
				COMBINE_HIDPI_IMAGES = YES;
				INFOPLIST_FILE = Resources/Info.plist;
				INSTALL_PATH = "$(LOCAL_LIBRARY_DIR)/Bundles";
				MACOSX_DEPLOYMENT_TARGET = 10.15;
				PRODUCT_BUNDLE_IDENTIFIER = leoVegas.Resources;
				PRODUCT_NAME = "$(TARGET_NAME)";
				SDKROOT = iphoneos;
				SKIP_INSTALL = YES;
				WRAPPER_EXTENSION = bundle;
			};
			name = Release;
		};
/* End XCBuildConfiguration section */

/* Begin XCConfigurationList section */
		FE4DA4EE24EB0BF900FC6810 /* Build configuration list for PBXProject "CalciLibrary" */ = {
			isa = XCConfigurationList;
			buildConfigurations = (
				FE4DA4F824EB0BF900FC6810 /* Debug */,
				FE4DA4F924EB0BF900FC6810 /* Release */,
			);
			defaultConfigurationIsVisible = 0;
			defaultConfigurationName = Release;
		};
		FE4DA4FA24EB0BF900FC6810 /* Build configuration list for PBXNativeTarget "CalciLibrary" */ = {
			isa = XCConfigurationList;
			buildConfigurations = (
				FE4DA4FB24EB0BF900FC6810 /* Debug */,
				FE4DA4FC24EB0BF900FC6810 /* Release */,
			);
			defaultConfigurationIsVisible = 0;
			defaultConfigurationName = Release;
		};
		FE4DA50424EB0C1B00FC6810 /* Build configuration list for PBXNativeTarget "Resources" */ = {
			isa = XCConfigurationList;
			buildConfigurations = (
				FE4DA50524EB0C1B00FC6810 /* Debug */,
				FE4DA50624EB0C1B00FC6810 /* Release */,
			);
			defaultConfigurationIsVisible = 0;
			defaultConfigurationName = Release;
		};
/* End XCConfigurationList section */
	};
	rootObject = FE4DA4EB24EB0BF900FC6810 /* Project object */;
}
